
Microsoft Visual Studio Solution File, Format Version 12.00
# Visual Studio Version 17
VisualStudioVersion = 17.8.34525.116
MinimumVisualStudioVersion = 10.0.40219.1
Project("{FAE04EC0-301F-11D3-BF4B-00C04F79EFBC}") = "HelloWorldConsoleApplication", "HelloWorldConsoleApplication\HelloWorldConsoleApplication.csproj", "{CCA47C7B-9E1F-411A-A21E-E11086EC9E3A}"
EndProject
Global
	GlobalSection(SolutionConfigurationPlatforms) = preSolution
		Debug|Any CPU = Debug|Any CPU
		Release|Any CPU = Release|Any CPU
	EndGlobalSection
	GlobalSection(ProjectConfigurationPlatforms) = postSolution
		{CCA47C7B-9E1F-411A-A21E-E11086EC9E3A}.Debug|Any CPU.ActiveCfg = Debug|Any CPU
		{CCA47C7B-9E1F-411A-A21E-E11086EC9E3A}.Debug|Any CPU.Build.0 = Debug|Any CPU
		{CCA47C7B-9E1F-411A-A21E-E11086EC9E3A}.Release|Any CPU.ActiveCfg = Release|Any CPU
		{CCA47C7B-9E1F-411A-A21E-E11086EC9E3A}.Release|Any CPU.Build.0 = Release|Any CPU
	EndGlobalSection
	GlobalSection(SolutionProperties) = preSolution
		HideSolutionNode = FALSE
	EndGlobalSection
	GlobalSection(ExtensibilityGlobals) = postSolution
		SolutionGuid = {8F751D72-36BA-4790-9227-0D720D1E5B33}
	EndGlobalSection
EndGlobal
